
Microsoft Visual Studio Solution File, Format Version 12.00
# Visual Studio Version 16
VisualStudioVersion = 16.0.29102.190
MinimumVisualStudioVersion = 10.0.40219.1
Project("{8BC9CEB8-8B4A-11D0-8D11-00A0C91BC942}") = "OpenCVDemo", "OpenCVDemo\OpenCVDemo.vcxproj", "{78671C96-61D8-458B-8700-2A8AE1C36F90}"
EndProject
Global
	GlobalSection(SolutionConfigurationPlatforms) = preSolution
		Debug|x64 = Debug|x64
		Debug|x86 = Debug|x86
		Release|x64 = Release|x64
		Release|x86 = Release|x86
	EndGlobalSection
	GlobalSection(ProjectConfigurationPlatforms) = postSolution
		{78671C96-61D8-458B-8700-2A8AE1C36F90}.Debug|x64.ActiveCfg = Debug|x64
		{78671C96-61D8-458B-8700-2A8AE1C36F90}.Debug|x64.Build.0 = Debug|x64
		{78671C96-61D8-458B-8700-2A8AE1C36F90}.Debug|x86.ActiveCfg = Debug|Win32
		{78671C96-61D8-458B-8700-2A8AE1C36F90}.Debug|x86.Build.0 = Debug|Win32
		{78671C96-61D8-458B-8700-2A8AE1C36F90}.Release|x64.ActiveCfg = Release|x64
		{78671C96-61D8-458B-8700-2A8AE1C36F90}.Release|x64.Build.0 = Release|x64
		{78671C96-61D8-458B-8700-2A8AE1C36F90}.Release|x86.ActiveCfg = Release|Win32
		{78671C96-61D8-458B-8700-2A8AE1C36F90}.Release|x86.Build.0 = Release|Win32
	EndGlobalSection
	GlobalSection(SolutionProperties) = preSolution
		HideSolutionNode = FALSE
	EndGlobalSection
	GlobalSection(ExtensibilityGlobals) = postSolution
		SolutionGuid = {4D6D0FAC-F807-41D2-A59C-A58A99882BEE}
	EndGlobalSection
EndGlobal
